
Microsoft Visual Studio Solution File, Format Version 12.00
# Visual Studio 15
VisualStudioVersion = 15.0.28307.438
MinimumVisualStudioVersion = 10.0.40219.1
Project("{E24C65DC-7377-472B-9ABA-BC803B73C61A}") = "TalNoyGame", ".", "{17988B5F-39B4-4262-805D-D505CB4C595B}"
	ProjectSection(WebsiteProperties) = preProject
		TargetFrameworkMoniker = ".NETFramework,Version%3Dv4.0"
		Debug.AspNetCompiler.VirtualPath = "/localhost_58890"
		Debug.AspNetCompiler.PhysicalPath = "..\TalNoyGame\"
		Debug.AspNetCompiler.TargetPath = "PrecompiledWeb\localhost_58890\"
		Debug.AspNetCompiler.Updateable = "true"
		Debug.AspNetCompiler.ForceOverwrite = "true"
		Debug.AspNetCompiler.FixedNames = "false"
		Debug.AspNetCompiler.Debug = "True"
		Release.AspNetCompiler.VirtualPath = "/localhost_58890"
		Release.AspNetCompiler.PhysicalPath = "..\TalNoyGame\"
		Release.AspNetCompiler.TargetPath = "PrecompiledWeb\localhost_58890\"
		Release.AspNetCompiler.Updateable = "true"
		Release.AspNetCompiler.ForceOverwrite = "true"
		Release.AspNetCompiler.FixedNames = "false"
		Release.AspNetCompiler.Debug = "False"
		VWDPort = "58890"
		SlnRelativePath = "..\TalNoyGame\"
	EndProjectSection
EndProject
Global
	GlobalSection(SolutionConfigurationPlatforms) = preSolution
		Debug|Any CPU = Debug|Any CPU
	EndGlobalSection
	GlobalSection(ProjectConfigurationPlatforms) = postSolution
		{17988B5F-39B4-4262-805D-D505CB4C595B}.Debug|Any CPU.ActiveCfg = Debug|Any CPU
		{17988B5F-39B4-4262-805D-D505CB4C595B}.Debug|Any CPU.Build.0 = Debug|Any CPU
	EndGlobalSection
	GlobalSection(SolutionProperties) = preSolution
		HideSolutionNode = FALSE
	EndGlobalSection
	GlobalSection(ExtensibilityGlobals) = postSolution
		SolutionGuid = {DF413F46-2BA5-48D6-8145-E43758CC3FBF}
	EndGlobalSection
EndGlobal
